
Microsoft Visual Studio Solution File, Format Version 12.00
# Visual Studio Version 16
VisualStudioVersion = 16.0.32630.194
MinimumVisualStudioVersion = 10.0.40219.1
Project("{9A19103F-16F7-4668-BE54-9A1E7A4F7556}") = "SistemaInventario", "SistemaInventario\SistemaInventario.csproj", "{F966D743-3239-4D85-BFA0-5173D29A9E5D}"
	ProjectSection(ProjectDependencies) = postProject
		{8E321BA5-9A81-4B1F-9559-EECB302886A0} = {8E321BA5-9A81-4B1F-9559-EECB302886A0}
	EndProjectSection
EndProject
Project("{FAE04EC0-301F-11D3-BF4B-00C04F79EFBC}") = "SistemaInventario.AccesoDatos", "SistemaInventario.AccesoDatos\SistemaInventario.AccesoDatos.csproj", "{161C2419-7212-4774-B741-D5CA556A6525}"
EndProject
Project("{FAE04EC0-301F-11D3-BF4B-00C04F79EFBC}") = "SistemaInventario.Modelos", "SistemaInventario.Modelos\SistemaInventario.Modelos.csproj", "{AACCB905-BDC6-43CF-91B6-760C7EC2C98F}"
EndProject
Project("{FAE04EC0-301F-11D3-BF4B-00C04F79EFBC}") = "SistemaInventario.Utilidades", "SistemaInventario.Utilidades\SistemaInventario.Utilidades.csproj", "{8E321BA5-9A81-4B1F-9559-EECB302886A0}"
EndProject
Global
	GlobalSection(SolutionConfigurationPlatforms) = preSolution
		Debug|Any CPU = Debug|Any CPU
		Release|Any CPU = Release|Any CPU
	EndGlobalSection
	GlobalSection(ProjectConfigurationPlatforms) = postSolution
		{F966D743-3239-4D85-BFA0-5173D29A9E5D}.Debug|Any CPU.ActiveCfg = Debug|Any CPU
		{F966D743-3239-4D85-BFA0-5173D29A9E5D}.Debug|Any CPU.Build.0 = Debug|Any CPU
		{F966D743-3239-4D85-BFA0-5173D29A9E5D}.Release|Any CPU.ActiveCfg = Release|Any CPU
		{F966D743-3239-4D85-BFA0-5173D29A9E5D}.Release|Any CPU.Build.0 = Release|Any CPU
		{161C2419-7212-4774-B741-D5CA556A6525}.Debug|Any CPU.ActiveCfg = Debug|Any CPU
		{161C2419-7212-4774-B741-D5CA556A6525}.Debug|Any CPU.Build.0 = Debug|Any CPU
		{161C2419-7212-4774-B741-D5CA556A6525}.Release|Any CPU.ActiveCfg = Release|Any CPU
		{161C2419-7212-4774-B741-D5CA556A6525}.Release|Any CPU.Build.0 = Release|Any CPU
		{AACCB905-BDC6-43CF-91B6-760C7EC2C98F}.Debug|Any CPU.ActiveCfg = Debug|Any CPU
		{AACCB905-BDC6-43CF-91B6-760C7EC2C98F}.Debug|Any CPU.Build.0 = Debug|Any CPU
		{AACCB905-BDC6-43CF-91B6-760C7EC2C98F}.Release|Any CPU.ActiveCfg = Release|Any CPU
		{AACCB905-BDC6-43CF-91B6-760C7EC2C98F}.Release|Any CPU.Build.0 = Release|Any CPU
		{8E321BA5-9A81-4B1F-9559-EECB302886A0}.Debug|Any CPU.ActiveCfg = Debug|Any CPU
		{8E321BA5-9A81-4B1F-9559-EECB302886A0}.Debug|Any CPU.Build.0 = Debug|Any CPU
		{8E321BA5-9A81-4B1F-9559-EECB302886A0}.Release|Any CPU.ActiveCfg = Release|Any CPU
		{8E321BA5-9A81-4B1F-9559-EECB302886A0}.Release|Any CPU.Build.0 = Release|Any CPU
	EndGlobalSection
	GlobalSection(SolutionProperties) = preSolution
		HideSolutionNode = FALSE
	EndGlobalSection
	GlobalSection(ExtensibilityGlobals) = postSolution
		SolutionGuid = {5FD730F4-947B-4A94-B3F5-AFD035E91248}
	EndGlobalSection
EndGlobal
